
Microsoft Visual Studio Solution File, Format Version 12.00
# Visual Studio Version 16
VisualStudioVersion = 16.0.30011.22
MinimumVisualStudioVersion = 10.0.40219.1
Project("{9A19103F-16F7-4668-BE54-9A1E7A4F7556}") = "GradeBook", "src\GradeBook\GradeBook.csproj", "{A8B117B7-70BB-4FFE-B404-F61260E938CD}"
EndProject
Global
	GlobalSection(SolutionConfigurationPlatforms) = preSolution
		Debug|Any CPU = Debug|Any CPU
		Release|Any CPU = Release|Any CPU
	EndGlobalSection
	GlobalSection(ProjectConfigurationPlatforms) = postSolution
		{A8B117B7-70BB-4FFE-B404-F61260E938CD}.Debug|Any CPU.ActiveCfg = Debug|Any CPU
		{A8B117B7-70BB-4FFE-B404-F61260E938CD}.Debug|Any CPU.Build.0 = Debug|Any CPU
		{A8B117B7-70BB-4FFE-B404-F61260E938CD}.Release|Any CPU.ActiveCfg = Release|Any CPU
		{A8B117B7-70BB-4FFE-B404-F61260E938CD}.Release|Any CPU.Build.0 = Release|Any CPU
	EndGlobalSection
	GlobalSection(SolutionProperties) = preSolution
		HideSolutionNode = FALSE
	EndGlobalSection
	GlobalSection(ExtensibilityGlobals) = postSolution
		SolutionGuid = {B980A37D-63E4-439A-8DE7-4D1F96792729}
	EndGlobalSection
EndGlobal
